{
  "requires": true,
  "lockfileVersion": 1,
  "dependencies": {
    "howler": {
      "version": "2.0.12",
      "resolved": "https://registry.npmjs.org/howler/-/howler-2.0.12.tgz",
      "integrity": "sha512-4HQr4OO6mU8aOMJNKKJV+9cMcVxLDADB9BDyX0Z9yu337AXINWZwFuXAEhpLHr3EdLrV3jLqdenkOEMr0IUtQw=="
    }
  }
}
